PODS:
  - Alamofire (5.4.4)
  - GRDB.swift (5.12.0):
    - GRDB.swift/standard (= 5.12.0)
  - GRDB.swift/standard (5.12.0)
  - LeanCloud (17.10.0):
    - LeanCloud/RTM (= 17.10.0)
  - LeanCloud/Foundation (17.10.0):
    - Alamofire (~> 5.4)
  - LeanCloud/RTM (17.10.0):
    - GRDB.swift (~> 5.12)
    - LeanCloud/Foundation (= 17.10.0)
    - SwiftProtobuf (~> 1.18)
  - PryntTrimmerView (4.0.2)
  - SteviaLayout (4.7.3)
  - SwiftProtobuf (1.18.0)
  - YPImagePicker (5.0.0):
    - PryntTrimmerView (= 4.0.2)
    - SteviaLayout (= 4.7.3)

DEPENDENCIES:
  - LeanCloud
  - YPImagePicker (= 5.0.0)

SPEC REPOS:
  trunk:
    - Alamofire
    - GRDB.swift
    - LeanCloud
    - PryntTrimmerView
    - SteviaLayout
    - SwiftProtobuf
    - YPImagePicker

SPEC CHECKSUMS:
  Alamofire: f3b09a368f1582ab751b3fff5460276e0d2cf5c9
  GRDB.swift: f94b00ac11ab22597771b6a47211d1c44284395a
  LeanCloud: a40bbecf9dc8077252bd1bff980ce32c47ea0690
  PryntTrimmerView: 6a43cc90df5d99addeabd33d4ba09b1365322130
  SteviaLayout: c2ecdcff57d44e38fd2f65e54ad52aeae28ca0c4
  SwiftProtobuf: c3c12645230d9b09c72267e0de89468c5543bd86
  YPImagePicker: 1463a19a36244e209dcb03c30e63559c5afa9602

PODFILE CHECKSUM: 1d428c4e7acf735906a98329778069ae99363ff9

COCOAPODS: 1.11.2
