<?xml version="1.0" encoding="UTF-8"?>
<Scheme
   LastUpgradeVersion = "1300"
   version = "1.7">
   <BuildAction
      parallelizeBuildables = "YES"
      buildImplicitDependencies = "YES">
      <BuildActionEntries>
         <BuildActionEntry
            buildForTesting = "YES"
            buildForRunning = "YES"
            buildForProfiling = "YES"
            buildForArchiving = "YES"
            buildForAnalyzing = "YES">
            <BuildableReference
               BuildableIdentifier = "primary"
               BlueprintIdentifier = "890C992E26EF3A6700494182"
               BuildableName = "HifamilySwiftUI.app"
               BlueprintName = "HifamilySwiftUI"
               ReferencedContainer = "container:HifamilySwiftUI.xcodeproj">
            </BuildableReference>
         </BuildActionEntry>
      </BuildActionEntries>
   </BuildAction>
   <TestAction
      buildConfiguration = "Debug"
      selectedDebuggerIdentifier = "Xcode.DebuggerFoundation.Debugger.LLDB"
      selectedLauncherIdentifier = "Xcode.DebuggerFoundation.Launcher.LLDB"
      shouldUseLaunchSchemeArgsEnv = "YES">
      <Testables>
      </Testables>
   </TestAction>
   <LaunchAction
      buildConfiguration = "Debug"
      selectedDebuggerIdentifier = "Xcode.DebuggerFoundation.Debugger.LLDB"
      selectedLauncherIdentifier = "Xcode.DebuggerFoundation.Launcher.LLDB"
      launchStyle = "0"
      useCustomWorkingDirectory = "NO"
      ignoresPersistentStateOnLaunch = "NO"
      debugDocumentVersioning = "YES"
      debugServiceExtension = "internal"
      allowLocationSimulation = "YES">
      <BuildableProductRunnable
         runnableDebuggingMode = "0">
         <BuildableReference
            BuildableIdentifier = "primary"
            BlueprintIdentifier = "890C992E26EF3A6700494182"
            BuildableName = "HifamilySwiftUI.app"
            BlueprintName = "HifamilySwiftUI"
            ReferencedContainer = "container:HifamilySwiftUI.xcodeproj">
         </BuildableReference>
      </BuildableProductRunnable>
   </LaunchAction>
   <ProfileAction
      buildConfiguration = "Release"
      shouldUseLaunchSchemeArgsEnv = "YES"
      savedToolIdentifier = ""
      useCustomWorkingDirectory = "NO"
      debugDocumentVersioning = "YES">
      <BuildableProductRunnable
         runnableDebuggingMode = "0">
         <BuildableReference
            BuildableIdentifier = "primary"
            BlueprintIdentifier = "890C992E26EF3A6700494182"
            BuildableName = "HifamilySwiftUI.app"
            BlueprintName = "HifamilySwiftUI"
            ReferencedContainer = "container:HifamilySwiftUI.xcodeproj">
         </BuildableReference>
      </BuildableProductRunnable>
   </ProfileAction>
   <AnalyzeAction
      buildConfiguration = "Debug">
   </AnalyzeAction>
   <ArchiveAction
      buildConfiguration = "Release"
      revealArchiveInOrganizer = "YES">
      <PreActions>
         <ExecutionAction
            ActionType = "Xcode.IDEStandardExecutionActionsCore.ExecutionActionType.ShellScriptAction">
            <ActionContent
               title = "Run Script"
               scriptText = "if [ &quot;${CONFIGURATION}&quot; = &quot;Debug&quot; ]; then&#10;&#10;&quot;${PODS_ROOT}/SwiftFormat/CommandLineTool/swiftformat&quot; --disable unusedArguments,numberFormatting,redundantReturn,andOperator,anyObjectProtocol,trailingClosures,redundantFileprivate --ranges nospace --swiftversion &quot;5.0&quot; &quot;${SRCROOT}/TestFormat/&quot;&#10;&#10;echo &quot;format debug build swift code&quot;&#10;&#10;else&#10;&#10;echo &quot;Not Debug Env, skip format&quot;&#10;&#10;fi&#10;&#10;&#x4f5c;&#x8005;&#xff1a;&#x5014;&#x4e00;&#10;&#x94fe;&#x63a5;&#xff1a;https://www.jianshu.com/p/0158144f1fe1&#10;&#x6765;&#x6e90;&#xff1a;&#x7b80;&#x4e66;&#10;&#x8457;&#x4f5c;&#x6743;&#x5f52;&#x4f5c;&#x8005;&#x6240;&#x6709;&#x3002;&#x5546;&#x4e1a;&#x8f6c;&#x8f7d;&#x8bf7;&#x8054;&#x7cfb;&#x4f5c;&#x8005;&#x83b7;&#x5f97;&#x6388;&#x6743;&#xff0c;&#x975e;&#x5546;&#x4e1a;&#x8f6c;&#x8f7d;&#x8bf7;&#x6ce8;&#x660e;&#x51fa;&#x5904;&#x3002;&#10;"
               shellToInvoke = "/bin/sh">
               <EnvironmentBuildable>
                  <BuildableReference
                     BuildableIdentifier = "primary"
                     BlueprintIdentifier = "890C992E26EF3A6700494182"
                     BuildableName = "HifamilySwiftUI.app"
                     BlueprintName = "HifamilySwiftUI"
                     ReferencedContainer = "container:HifamilySwiftUI.xcodeproj">
                  </BuildableReference>
               </EnvironmentBuildable>
            </ActionContent>
         </ExecutionAction>
      </PreActions>
   </ArchiveAction>
</Scheme>
