{
  "object": {
    "pins": [
      {
        "package": "HalfASheet",
        "repositoryURL": "https://github.com/franklynw/HalfASheet",
        "state": {
          "branch": "develop",
          "revision": "5d1ade1157f87c4f922f4aa1af318f53fa1a3764",
          "version": null
        }
      },
      {
        "package": "HalfModal",
        "repositoryURL": "https://github.com/ViktorMaric/HalfModal",
        "state": {
          "branch": "master",
          "revision": "cd3814b63e3d14264c5356ff3e8554cb328701fc",
          "version": null
        }
      },
      {
        "package": "SwiftUIPullToRefresh",
        "repositoryURL": "https://github.com/AppPear/SwiftUI-PullToRefresh",
        "state": {
          "branch": "master",
          "revision": "cd33c339e2a030804dfda6517536c941c12cb3a3",
          "version": null
        }
      }
    ]
  },
  "version": 1
}
