{
  "object": {
    "pins": [
      {
        "package": "HalfASheet",
        "repositoryURL": "https://github.com/franklynw/HalfASheet",
        "state": {
          "branch": null,
          "revision": "4f43296b3722082dd5735521ee0fbf25e61cd21c",
          "version": "1.0.2"
        }
      },
      {
        "package": "HalfModal",
        "repositoryURL": "https://github.com/ViktorMaric/HalfModal",
        "state": {
          "branch": null,
          "revision": "621cbde96fe051805e359c75bb39183f46c234e4",
          "version": "1.0.0"
        }
      },
      {
        "package": "SwiftUIPullToRefresh",
        "repositoryURL": "https://github.com/AppPear/SwiftUI-PullToRefresh",
        "state": {
          "branch": "master",
          "revision": "cd33c339e2a030804dfda6517536c941c12cb3a3",
          "version": null
        }
      }
    ]
  },
  "version": 1
}
